
Microsoft Visual Studio Solution File, Format Version 12.00
# Visual Studio Version 18
VisualStudioVersion = 18.7.11911.148 stable
MinimumVisualStudioVersion = 10.0.40219.1
Project("{2150E333-8FDC-42A3-9474-1A3956D46DE8}") = "src", "src", "{827E0CD3-B72D-47B6-A68D-7590B98EB39B}"
EndProject
Project("{FAE04EC0-301F-11D3-BF4B-00C04F79EFBC}") = "AnimalShelter.Core", "src\AnimalShelter.Core\AnimalShelter.Core.csproj", "{D8E2E9D3-1A00-4F51-9361-8137F4B488E9}"
EndProject
Project("{FAE04EC0-301F-11D3-BF4B-00C04F79EFBC}") = "AnimalShelter.BLL", "src\AnimalShelter.BLL\AnimalShelter.BLL.csproj", "{C98239B9-FC57-4E84-B2E1-ABFEB84D3231}"
EndProject
Project("{FAE04EC0-301F-11D3-BF4B-00C04F79EFBC}") = "AnimalShelter.DAL", "src\AnimalShelter.DAL\AnimalShelter.DAL.csproj", "{38F8C242-00F9-428A-82B1-046B0EFB0542}"
EndProject
Project("{FAE04EC0-301F-11D3-BF4B-00C04F79EFBC}") = "AnimalShelter.ConsoleApp", "src\AnimalShelter.ConsoleApp\AnimalShelter.ConsoleApp.csproj", "{5DDE4E5C-E508-4839-898C-87F13B70769F}"
EndProject
Project("{2150E333-8FDC-42A3-9474-1A3956D46DE8}") = "tests", "tests", "{0AB3BF05-4346-4AA6-1389-037BE0695223}"
EndProject
Project("{FAE04EC0-301F-11D3-BF4B-00C04F79EFBC}") = "AnimalShelter.Tests", "tests\AnimalShelter.Tests\AnimalShelter.Tests.csproj", "{7EFE38FA-1231-4F87-8FC0-277623551933}"
EndProject
Project("{FAE04EC0-301F-11D3-BF4B-00C04F79EFBC}") = "AnimalShelter.WPF", "AnimalShelter.WPF\AnimalShelter.WPF.csproj", "{5F2CD74F-257F-4223-BEEF-BA5AE494253D}"
EndProject
Global
	GlobalSection(SolutionConfigurationPlatforms) = preSolution
		Debug|Any CPU = Debug|Any CPU
		Debug|x64 = Debug|x64
		Debug|x86 = Debug|x86
		Release|Any CPU = Release|Any CPU
		Release|x64 = Release|x64
		Release|x86 = Release|x86
	EndGlobalSection
	GlobalSection(ProjectConfigurationPlatforms) = postSolution
		{D8E2E9D3-1A00-4F51-9361-8137F4B488E9}.Debug|Any CPU.ActiveCfg = Debug|Any CPU
		{D8E2E9D3-1A00-4F51-9361-8137F4B488E9}.Debug|Any CPU.Build.0 = Debug|Any CPU
		{D8E2E9D3-1A00-4F51-9361-8137F4B488E9}.Debug|x64.ActiveCfg = Debug|Any CPU
		{D8E2E9D3-1A00-4F51-9361-8137F4B488E9}.Debug|x64.Build.0 = Debug|Any CPU
		{D8E2E9D3-1A00-4F51-9361-8137F4B488E9}.Debug|x86.ActiveCfg = Debug|Any CPU
		{D8E2E9D3-1A00-4F51-9361-8137F4B488E9}.Debug|x86.Build.0 = Debug|Any CPU
		{D8E2E9D3-1A00-4F51-9361-8137F4B488E9}.Release|Any CPU.ActiveCfg = Release|Any CPU
		{D8E2E9D3-1A00-4F51-9361-8137F4B488E9}.Release|Any CPU.Build.0 = Release|Any CPU
		{D8E2E9D3-1A00-4F51-9361-8137F4B488E9}.Release|x64.ActiveCfg = Release|Any CPU
		{D8E2E9D3-1A00-4F51-9361-8137F4B488E9}.Release|x64.Build.0 = Release|Any CPU
		{D8E2E9D3-1A00-4F51-9361-8137F4B488E9}.Release|x86.ActiveCfg = Release|Any CPU
		{D8E2E9D3-1A00-4F51-9361-8137F4B488E9}.Release|x86.Build.0 = Release|Any CPU
		{C98239B9-FC57-4E84-B2E1-ABFEB84D3231}.Debug|Any CPU.ActiveCfg = Debug|Any CPU
		{C98239B9-FC57-4E84-B2E1-ABFEB84D3231}.Debug|Any CPU.Build.0 = Debug|Any CPU
		{C98239B9-FC57-4E84-B2E1-ABFEB84D3231}.Debug|x64.ActiveCfg = Debug|Any CPU
		{C98239B9-FC57-4E84-B2E1-ABFEB84D3231}.Debug|x64.Build.0 = Debug|Any CPU
		{C98239B9-FC57-4E84-B2E1-ABFEB84D3231}.Debug|x86.ActiveCfg = Debug|Any CPU
		{C98239B9-FC57-4E84-B2E1-ABFEB84D3231}.Debug|x86.Build.0 = Debug|Any CPU
		{C98239B9-FC57-4E84-B2E1-ABFEB84D3231}.Release|Any CPU.ActiveCfg = Release|Any CPU
		{C98239B9-FC57-4E84-B2E1-ABFEB84D3231}.Release|Any CPU.Build.0 = Release|Any CPU
		{C98239B9-FC57-4E84-B2E1-ABFEB84D3231}.Release|x64.ActiveCfg = Release|Any CPU
		{C98239B9-FC57-4E84-B2E1-ABFEB84D3231}.Release|x64.Build.0 = Release|Any CPU
		{C98239B9-FC57-4E84-B2E1-ABFEB84D3231}.Release|x86.ActiveCfg = Release|Any CPU
		{C98239B9-FC57-4E84-B2E1-ABFEB84D3231}.Release|x86.Build.0 = Release|Any CPU
		{38F8C242-00F9-428A-82B1-046B0EFB0542}.Debug|Any CPU.ActiveCfg = Debug|Any CPU
		{38F8C242-00F9-428A-82B1-046B0EFB0542}.Debug|Any CPU.Build.0 = Debug|Any CPU
		{38F8C242-00F9-428A-82B1-046B0EFB0542}.Debug|x64.ActiveCfg = Debug|Any CPU
		{38F8C242-00F9-428A-82B1-046B0EFB0542}.Debug|x64.Build.0 = Debug|Any CPU
		{38F8C242-00F9-428A-82B1-046B0EFB0542}.Debug|x86.ActiveCfg = Debug|Any CPU
		{38F8C242-00F9-428A-82B1-046B0EFB0542}.Debug|x86.Build.0 = Debug|Any CPU
		{38F8C242-00F9-428A-82B1-046B0EFB0542}.Release|Any CPU.ActiveCfg = Release|Any CPU
		{38F8C242-00F9-428A-82B1-046B0EFB0542}.Release|Any CPU.Build.0 = Release|Any CPU
		{38F8C242-00F9-428A-82B1-046B0EFB0542}.Release|x64.ActiveCfg = Release|Any CPU
		{38F8C242-00F9-428A-82B1-046B0EFB0542}.Release|x64.Build.0 = Release|Any CPU
		{38F8C242-00F9-428A-82B1-046B0EFB0542}.Release|x86.ActiveCfg = Release|Any CPU
		{38F8C242-00F9-428A-82B1-046B0EFB0542}.Release|x86.Build.0 = Release|Any CPU
		{5DDE4E5C-E508-4839-898C-87F13B70769F}.Debug|Any CPU.ActiveCfg = Debug|Any CPU
		{5DDE4E5C-E508-4839-898C-87F13B70769F}.Debug|Any CPU.Build.0 = Debug|Any CPU
		{5DDE4E5C-E508-4839-898C-87F13B70769F}.Debug|x64.ActiveCfg = Debug|Any CPU
		{5DDE4E5C-E508-4839-898C-87F13B70769F}.Debug|x64.Build.0 = Debug|Any CPU
		{5DDE4E5C-E508-4839-898C-87F13B70769F}.Debug|x86.ActiveCfg = Debug|Any CPU
		{5DDE4E5C-E508-4839-898C-87F13B70769F}.Debug|x86.Build.0 = Debug|Any CPU
		{5DDE4E5C-E508-4839-898C-87F13B70769F}.Release|Any CPU.ActiveCfg = Release|Any CPU
		{5DDE4E5C-E508-4839-898C-87F13B70769F}.Release|Any CPU.Build.0 = Release|Any CPU
		{5DDE4E5C-E508-4839-898C-87F13B70769F}.Release|x64.ActiveCfg = Release|Any CPU
		{5DDE4E5C-E508-4839-898C-87F13B70769F}.Release|x64.Build.0 = Release|Any CPU
		{5DDE4E5C-E508-4839-898C-87F13B70769F}.Release|x86.ActiveCfg = Release|Any CPU
		{5DDE4E5C-E508-4839-898C-87F13B70769F}.Release|x86.Build.0 = Release|Any CPU
		{7EFE38FA-1231-4F87-8FC0-277623551933}.Debug|Any CPU.ActiveCfg = Debug|Any CPU
		{7EFE38FA-1231-4F87-8FC0-277623551933}.Debug|Any CPU.Build.0 = Debug|Any CPU
		{7EFE38FA-1231-4F87-8FC0-277623551933}.Debug|x64.ActiveCfg = Debug|Any CPU
		{7EFE38FA-1231-4F87-8FC0-277623551933}.Debug|x64.Build.0 = Debug|Any CPU
		{7EFE38FA-1231-4F87-8FC0-277623551933}.Debug|x86.ActiveCfg = Debug|Any CPU
		{7EFE38FA-1231-4F87-8FC0-277623551933}.Debug|x86.Build.0 = Debug|Any CPU
		{7EFE38FA-1231-4F87-8FC0-277623551933}.Release|Any CPU.ActiveCfg = Release|Any CPU
		{7EFE38FA-1231-4F87-8FC0-277623551933}.Release|Any CPU.Build.0 = Release|Any CPU
		{7EFE38FA-1231-4F87-8FC0-277623551933}.Release|x64.ActiveCfg = Release|Any CPU
		{7EFE38FA-1231-4F87-8FC0-277623551933}.Release|x64.Build.0 = Release|Any CPU
		{7EFE38FA-1231-4F87-8FC0-277623551933}.Release|x86.ActiveCfg = Release|Any CPU
		{7EFE38FA-1231-4F87-8FC0-277623551933}.Release|x86.Build.0 = Release|Any CPU
		{5F2CD74F-257F-4223-BEEF-BA5AE494253D}.Debug|Any CPU.ActiveCfg = Debug|Any CPU
		{5F2CD74F-257F-4223-BEEF-BA5AE494253D}.Debug|Any CPU.Build.0 = Debug|Any CPU
		{5F2CD74F-257F-4223-BEEF-BA5AE494253D}.Debug|x64.ActiveCfg = Debug|Any CPU
		{5F2CD74F-257F-4223-BEEF-BA5AE494253D}.Debug|x64.Build.0 = Debug|Any CPU
		{5F2CD74F-257F-4223-BEEF-BA5AE494253D}.Debug|x86.ActiveCfg = Debug|Any CPU
		{5F2CD74F-257F-4223-BEEF-BA5AE494253D}.Debug|x86.Build.0 = Debug|Any CPU
		{5F2CD74F-257F-4223-BEEF-BA5AE494253D}.Release|Any CPU.ActiveCfg = Release|Any CPU
		{5F2CD74F-257F-4223-BEEF-BA5AE494253D}.Release|Any CPU.Build.0 = Release|Any CPU
		{5F2CD74F-257F-4223-BEEF-BA5AE494253D}.Release|x64.ActiveCfg = Release|Any CPU
		{5F2CD74F-257F-4223-BEEF-BA5AE494253D}.Release|x64.Build.0 = Release|Any CPU
		{5F2CD74F-257F-4223-BEEF-BA5AE494253D}.Release|x86.ActiveCfg = Release|Any CPU
		{5F2CD74F-257F-4223-BEEF-BA5AE494253D}.Release|x86.Build.0 = Release|Any CPU
	EndGlobalSection
	GlobalSection(SolutionProperties) = preSolution
		HideSolutionNode = FALSE
	EndGlobalSection
	GlobalSection(NestedProjects) = preSolution
		{D8E2E9D3-1A00-4F51-9361-8137F4B488E9} = {827E0CD3-B72D-47B6-A68D-7590B98EB39B}
		{C98239B9-FC57-4E84-B2E1-ABFEB84D3231} = {827E0CD3-B72D-47B6-A68D-7590B98EB39B}
		{38F8C242-00F9-428A-82B1-046B0EFB0542} = {827E0CD3-B72D-47B6-A68D-7590B98EB39B}
		{5DDE4E5C-E508-4839-898C-87F13B70769F} = {827E0CD3-B72D-47B6-A68D-7590B98EB39B}
		{7EFE38FA-1231-4F87-8FC0-277623551933} = {0AB3BF05-4346-4AA6-1389-037BE0695223}
		{5F2CD74F-257F-4223-BEEF-BA5AE494253D} = {827E0CD3-B72D-47B6-A68D-7590B98EB39B}
	EndGlobalSection
	GlobalSection(ExtensibilityGlobals) = postSolution
		SolutionGuid = {F9BAC77C-03EE-43E2-8246-8B505BA5BD06}
	EndGlobalSection
EndGlobal
